github.com/go-encryptions/xts v0.0.0-20260702212620-e9fe59a121e5 h1:p0heeHiJ+uMORaAAWbZqmKyYmwdO+52eR3Pk+vtyGq0=
github.com/go-encryptions/xts v0.0.0-20260702212620-e9fe59a121e5/go.mod h1:fjp9R/AL03OpIra6fx0445YmgZ5LvqhXtK0FbDJPSWc=
github.com/go-encryptions/xts v0.0.0-20260806072938-a791f2c1d6df h1:z0EkWXqxCyGxTAMz4eDO673wRPBYPAUe+s1UDFcvREQ=
github.com/go-encryptions/xts v0.0.0-20260806072938-a791f2c1d6df/go.mod h1:bisvBLC3DdVoah7HUjwCl4UmM2pP4VHN6fQwLXWMxo4=
github.com/go-encryptions/xts v0.0.0-20260830124722-be3e6a7bf880 h1:uDM9c3w6jmGnwzoIUvJKjZAnbwNRYMPS7qWbjNn7m8Q=
github.com/go-encryptions/xts v0.0.0-20260830124722-be3e6a7bf880/go.mod h1:LFCI9BbDBVokgn7lXG8axukRSiH84Fv7WFmquYFZELU=
golang.org/x/crypto v0.50.0 h1:zO47/JPrL6vsNkINmLoo/PH1gcxpls50DNogFvB5ZGI=
golang.org/x/crypto v0.50.0/go.mod h1:3muZ7vA7PBCE6xgPX7nkzzjiUq87kRItoJQM1Yo8S+Q=
golang.org/x/crypto v0.55.0 h1:+KWHjbgOaAQ66dh/YlkZKHlz9ZUlq61AFirAR9ntP8M=
golang.org/x/crypto v0.55.0/go.mod h1:uq0V9dE/fzQuJtbnL+2EhWOE63vo164FY8xqEnV9xis=
golang.org/x/sys v0.43.0 h1:Rlag2XtaFTxp19wS8MXlJwTvoh8ArU6ezoyFsMyCTNI=
golang.org/x/sys v0.43.0/go.mod h1:4GL1E5IUh+htKOUEOaiffhrAeqysfVGipDYzABqnCmw=
golang.org/x/sys v0.47.0 h1:o7XGOvZQCADBQQ4Y7VNq2dRWQR7JmOUW8Kxx4ZsNgWs=
golang.org/x/sys v0.47.0/go.mod h1:4GL1E5IUh+htKOUEOaiffhrAeqysfVGipDYzABqnCmw=
